PackratFormat: 1.4
PackratVersion: 0.4.1.1
RVersion: 3.1.0
Repos: CRAN=http://cran.ism.ac.jp/,
    BioCsoft=http://bioconductor.org/packages/2.14/bioc,
    BioCann=http://bioconductor.org/packages/2.14/data/annotation,
    BioCexp=http://bioconductor.org/packages/2.14/data/experiment,
    BioCextra=http://bioconductor.org/packages/2.14/extra

Package: packrat
Source: CRAN
Version: 0.4.1-1
Hash: 5716097644904b9c1b4be2692de16005
